
Microsoft Visual Studio Solution File, Format Version 12.00
# Visual Studio 14
VisualStudioVersion = 14.0.25420.1
MinimumVisualStudioVersion = 10.0.40219.1
Project("{2150E333-8FDC-42A3-9474-1A3956D46DE8}") = "1-Arboles", "1-Arboles", "{511D05C4-ED8A-423A-8A69-B74E3914BBBE}"
EndProject
Project("{2150E333-8FDC-42A3-9474-1A3956D46DE8}") = "2-Heaps", "2-Heaps", "{BD47388B-509B-4595-8942-712A70E06BD2}"
EndProject
Project("{FAE04EC0-301F-11D3-BF4B-00C04F79EFBC}") = "Arbol", "..\Arbol\Arbol\Arbol.csproj", "{A6EB9432-D932-4CB1-BF3B-4B00B252ECA3}"
EndProject
Project("{FAE04EC0-301F-11D3-BF4B-00C04F79EFBC}") = "Arbol.Test", "..\Arbol\Arbol.Test\Arbol.Test.csproj", "{BA4BF5F2-24D8-4ADB-B75B-2E4CB362D46F}"
EndProject
Project("{FAE04EC0-301F-11D3-BF4B-00C04F79EFBC}") = "Heap", "..\Heap\Heap\Heap.csproj", "{A96789E3-3116-4409-A324-8CCAF05971F3}"
EndProject
Project("{FAE04EC0-301F-11D3-BF4B-00C04F79EFBC}") = "Heap.Test", "..\Heap\Heap.Test\Heap.Test.csproj", "{E6673511-DEEC-4223-9491-8895ED2765BE}"
EndProject
Global
	GlobalSection(SolutionConfigurationPlatforms) = preSolution
		Debug|Any CPU = Debug|Any CPU
		Release|Any CPU = Release|Any CPU
	EndGlobalSection
	GlobalSection(ProjectConfigurationPlatforms) = postSolution
		{A6EB9432-D932-4CB1-BF3B-4B00B252ECA3}.Debug|Any CPU.ActiveCfg = Debug|Any CPU
		{A6EB9432-D932-4CB1-BF3B-4B00B252ECA3}.Debug|Any CPU.Build.0 = Debug|Any CPU
		{A6EB9432-D932-4CB1-BF3B-4B00B252ECA3}.Release|Any CPU.ActiveCfg = Release|Any CPU
		{A6EB9432-D932-4CB1-BF3B-4B00B252ECA3}.Release|Any CPU.Build.0 = Release|Any CPU
		{BA4BF5F2-24D8-4ADB-B75B-2E4CB362D46F}.Debug|Any CPU.ActiveCfg = Debug|Any CPU
		{BA4BF5F2-24D8-4ADB-B75B-2E4CB362D46F}.Debug|Any CPU.Build.0 = Debug|Any CPU
		{BA4BF5F2-24D8-4ADB-B75B-2E4CB362D46F}.Release|Any CPU.ActiveCfg = Release|Any CPU
		{BA4BF5F2-24D8-4ADB-B75B-2E4CB362D46F}.Release|Any CPU.Build.0 = Release|Any CPU
		{A96789E3-3116-4409-A324-8CCAF05971F3}.Debug|Any CPU.ActiveCfg = Debug|Any CPU
		{A96789E3-3116-4409-A324-8CCAF05971F3}.Debug|Any CPU.Build.0 = Debug|Any CPU
		{A96789E3-3116-4409-A324-8CCAF05971F3}.Release|Any CPU.ActiveCfg = Release|Any CPU
		{A96789E3-3116-4409-A324-8CCAF05971F3}.Release|Any CPU.Build.0 = Release|Any CPU
		{E6673511-DEEC-4223-9491-8895ED2765BE}.Debug|Any CPU.ActiveCfg = Debug|Any CPU
		{E6673511-DEEC-4223-9491-8895ED2765BE}.Debug|Any CPU.Build.0 = Debug|Any CPU
		{E6673511-DEEC-4223-9491-8895ED2765BE}.Release|Any CPU.ActiveCfg = Release|Any CPU
		{E6673511-DEEC-4223-9491-8895ED2765BE}.Release|Any CPU.Build.0 = Release|Any CPU
	EndGlobalSection
	GlobalSection(SolutionProperties) = preSolution
		HideSolutionNode = FALSE
	EndGlobalSection
	GlobalSection(NestedProjects) = preSolution
		{A6EB9432-D932-4CB1-BF3B-4B00B252ECA3} = {511D05C4-ED8A-423A-8A69-B74E3914BBBE}
		{BA4BF5F2-24D8-4ADB-B75B-2E4CB362D46F} = {511D05C4-ED8A-423A-8A69-B74E3914BBBE}
		{A96789E3-3116-4409-A324-8CCAF05971F3} = {BD47388B-509B-4595-8942-712A70E06BD2}
		{E6673511-DEEC-4223-9491-8895ED2765BE} = {BD47388B-509B-4595-8942-712A70E06BD2}
	EndGlobalSection
EndGlobal
